
Microsoft Visual Studio Solution File, Format Version 12.00
# Visual Studio Version 17
VisualStudioVersion = 17.0.31919.166
MinimumVisualStudioVersion = 10.0.40219.1
Project("{9A19103F-16F7-4668-BE54-9A1E7A4F7556}") = "Titanic", "Titanic\Titanic.csproj", "{0925016D-4687-4965-817B-25D8F3EA18B7}"
EndProject
Project("{9A19103F-16F7-4668-BE54-9A1E7A4F7556}") = "TitanicLib", "TitanicLib\TitanicLib.csproj", "{8FAC95B6-D49F-4CCF-A9E7-12F6D193F548}"
EndProject
Project("{54435603-DBB4-11D2-8724-00A0C9A8B90C}") = "TitanicSetup", "TitanicSetup\TitanicSetup.vdproj", "{638FBC01-5B0D-4B57-9B14-840CE8F8D4F3}"
EndProject
Global
	GlobalSection(SolutionConfigurationPlatforms) = preSolution
		Debug|Any CPU = Debug|Any CPU
		Debug|ARM64 = Debug|ARM64
		Release|Any CPU = Release|Any CPU
		Release|ARM64 = Release|ARM64
	EndGlobalSection
	GlobalSection(ProjectConfigurationPlatforms) = postSolution
		{0925016D-4687-4965-817B-25D8F3EA18B7}.Debug|Any CPU.ActiveCfg = Debug|ARM64
		{0925016D-4687-4965-817B-25D8F3EA18B7}.Debug|Any CPU.Build.0 = Debug|ARM64
		{0925016D-4687-4965-817B-25D8F3EA18B7}.Debug|ARM64.ActiveCfg = Debug|ARM64
		{0925016D-4687-4965-817B-25D8F3EA18B7}.Debug|ARM64.Build.0 = Debug|ARM64
		{0925016D-4687-4965-817B-25D8F3EA18B7}.Release|Any CPU.ActiveCfg = Release|Any CPU
		{0925016D-4687-4965-817B-25D8F3EA18B7}.Release|Any CPU.Build.0 = Release|Any CPU
		{0925016D-4687-4965-817B-25D8F3EA18B7}.Release|ARM64.ActiveCfg = Release|ARM64
		{0925016D-4687-4965-817B-25D8F3EA18B7}.Release|ARM64.Build.0 = Release|ARM64
		{8FAC95B6-D49F-4CCF-A9E7-12F6D193F548}.Debug|Any CPU.ActiveCfg = Debug|Any CPU
		{8FAC95B6-D49F-4CCF-A9E7-12F6D193F548}.Debug|Any CPU.Build.0 = Debug|Any CPU
		{8FAC95B6-D49F-4CCF-A9E7-12F6D193F548}.Debug|ARM64.ActiveCfg = Debug|Any CPU
		{8FAC95B6-D49F-4CCF-A9E7-12F6D193F548}.Debug|ARM64.Build.0 = Debug|Any CPU
		{8FAC95B6-D49F-4CCF-A9E7-12F6D193F548}.Release|Any CPU.ActiveCfg = Release|Any CPU
		{8FAC95B6-D49F-4CCF-A9E7-12F6D193F548}.Release|Any CPU.Build.0 = Release|Any CPU
		{8FAC95B6-D49F-4CCF-A9E7-12F6D193F548}.Release|ARM64.ActiveCfg = Release|Any CPU
		{8FAC95B6-D49F-4CCF-A9E7-12F6D193F548}.Release|ARM64.Build.0 = Release|Any CPU
		{638FBC01-5B0D-4B57-9B14-840CE8F8D4F3}.Debug|Any CPU.ActiveCfg = Debug
		{638FBC01-5B0D-4B57-9B14-840CE8F8D4F3}.Debug|ARM64.ActiveCfg = Debug
		{638FBC01-5B0D-4B57-9B14-840CE8F8D4F3}.Debug|ARM64.Build.0 = Debug
		{638FBC01-5B0D-4B57-9B14-840CE8F8D4F3}.Release|Any CPU.ActiveCfg = Release
		{638FBC01-5B0D-4B57-9B14-840CE8F8D4F3}.Release|ARM64.ActiveCfg = Release
		{638FBC01-5B0D-4B57-9B14-840CE8F8D4F3}.Release|ARM64.Build.0 = Release
	EndGlobalSection
	GlobalSection(SolutionProperties) = preSolution
		HideSolutionNode = FALSE
	EndGlobalSection
	GlobalSection(ExtensibilityGlobals) = postSolution
		SolutionGuid = {DE3E9E82-555D-4313-B8A2-BD06C0C4910C}
	EndGlobalSection
EndGlobal
